
Microsoft Visual Studio Solution File, Format Version 12.00
# Visual Studio 14
VisualStudioVersion = 14.0.25420.1
MinimumVisualStudioVersion = 10.0.40219.1
Project("{FAE04EC0-301F-11D3-BF4B-00C04F79EFBC}") = "WpfClient", "WpfClient\WpfClient.csproj", "{A2E6A9B0-D64F-4BD3-A96E-D372855429AE}"
EndProject
Project("{FAE04EC0-301F-11D3-BF4B-00C04F79EFBC}") = "FileCryptography", "FileCryptography\FileCryptography.csproj", "{E36C3C1E-FFFB-4CD0-9BA5-4078DDACFF2F}"
EndProject
Global
	GlobalSection(SolutionConfigurationPlatforms) = preSolution
		Debug|Any CPU = Debug|Any CPU
		Release|Any CPU = Release|Any CPU
	EndGlobalSection
	GlobalSection(ProjectConfigurationPlatforms) = postSolution
		{A2E6A9B0-D64F-4BD3-A96E-D372855429AE}.Debug|Any CPU.ActiveCfg = Debug|Any CPU
		{A2E6A9B0-D64F-4BD3-A96E-D372855429AE}.Debug|Any CPU.Build.0 = Debug|Any CPU
		{A2E6A9B0-D64F-4BD3-A96E-D372855429AE}.Release|Any CPU.ActiveCfg = Release|Any CPU
		{A2E6A9B0-D64F-4BD3-A96E-D372855429AE}.Release|Any CPU.Build.0 = Release|Any CPU
		{E36C3C1E-FFFB-4CD0-9BA5-4078DDACFF2F}.Debug|Any CPU.ActiveCfg = Debug|Any CPU
		{E36C3C1E-FFFB-4CD0-9BA5-4078DDACFF2F}.Debug|Any CPU.Build.0 = Debug|Any CPU
		{E36C3C1E-FFFB-4CD0-9BA5-4078DDACFF2F}.Release|Any CPU.ActiveCfg = Release|Any CPU
		{E36C3C1E-FFFB-4CD0-9BA5-4078DDACFF2F}.Release|Any CPU.Build.0 = Release|Any CPU
	EndGlobalSection
	GlobalSection(SolutionProperties) = preSolution
		HideSolutionNode = FALSE
	EndGlobalSection
EndGlobal
